// !$*UTF8*$!
{
	archiveVersion = 1;
	classes = {
	};
	objectVersion = 46;
	objects = {

/* Begin PBXBuildFile section */
		5F4B7DA0152B2C2800DB7B2A /* NSObject+SBJson.m in Sources */ = {isa = PBXBuildFile; fileRef = 5F4B7D88152B2C2800DB7B2A /* NSObject+SBJson.m */; };
		5F4B7DA1152B2C2800DB7B2A /* SBJsonParser.m in Sources */ = {isa = PBXBuildFile; fileRef = 5F4B7D8B152B2C2800DB7B2A /* SBJsonParser.m */; };
		5F4B7DA2152B2C2800DB7B2A /* SBJsonStreamParser.m in Sources */ = {isa = PBXBuildFile; fileRef = 5F4B7D8D152B2C2800DB7B2A /* SBJsonStreamParser.m */; };
		5F4B7DA3152B2C2800DB7B2A /* SBJsonStreamParserAccumulator.m in Sources */ = {isa = PBXBuildFile; fileRef = 5F4B7D8F152B2C2800DB7B2A /* SBJsonStreamParserAccumulator.m */; };
		5F4B7DA4152B2C2800DB7B2A /* SBJsonStreamParserAdapter.m in Sources */ = {isa = PBXBuildFile; fileRef = 5F4B7D91152B2C2800DB7B2A /* SBJsonStreamParserAdapter.m */; };
		5F4B7DA5152B2C2800DB7B2A /* SBJsonStreamParserState.m in Sources */ = {isa = PBXBuildFile; fileRef = 5F4B7D93152B2C2800DB7B2A /* SBJsonStreamParserState.m */; };
		5F4B7DA6152B2C2800DB7B2A /* SBJsonStreamWriter.m in Sources */ = {isa = PBXBuildFile; fileRef = 5F4B7D95152B2C2800DB7B2A /* SBJsonStreamWriter.m */; };
		5F4B7DA7152B2C2800DB7B2A /* SBJsonStreamWriterAccumulator.m in Sources */ = {isa = PBXBuildFile; fileRef = 5F4B7D97152B2C2800DB7B2A /* SBJsonStreamWriterAccumulator.m */; };
		5F4B7DA8152B2C2800DB7B2A /* SBJsonStreamWriterState.m in Sources */ = {isa = PBXBuildFile; fileRef = 5F4B7D99152B2C2800DB7B2A /* SBJsonStreamWriterState.m */; };
		5F4B7DA9152B2C2800DB7B2A /* SBJsonTokeniser.m in Sources */ = {isa = PBXBuildFile; fileRef = 5F4B7D9B152B2C2800DB7B2A /* SBJsonTokeniser.m */; };
		5F4B7DAA152B2C2800DB7B2A /* SBJsonUTF8Stream.m in Sources */ = {isa = PBXBuildFile; fileRef = 5F4B7D9D152B2C2800DB7B2A /* SBJsonUTF8Stream.m */; };
		5F4B7DAB152B2C2800DB7B2A /* SBJsonWriter.m in Sources */ = {isa = PBXBuildFile; fileRef = 5F4B7D9F152B2C2800DB7B2A /* SBJsonWriter.m */; };
		5F5CA4B91500F00C00A86651 /* icon.png in Resources */ = {isa = PBXBuildFile; fileRef = 5F5CA4B81500F00C00A86651 /* icon.png */; };
		5F5CA4BC1500F01300A86651 /* icon@2x.png in Resources */ = {isa = PBXBuildFile; fileRef = 5F5CA4BB1500F01300A86651 /* icon@2x.png */; };
		5FEF34171489054700BDA379 /* UIKit.framework in Frameworks */ = {isa = PBXBuildFile; fileRef = 5FEF34161489054700BDA379 /* UIKit.framework */; };
		5FEF34191489054700BDA379 /* Foundation.framework in Frameworks */ = {isa = PBXBuildFile; fileRef = 5FEF34181489054700BDA379 /* Foundation.framework */; };
		5FEF341B1489054700BDA379 /* CoreGraphics.framework in Frameworks */ = {isa = PBXBuildFile; fileRef = 5FEF341A1489054700BDA379 /* CoreGraphics.framework */; };
		5FEF34211489054700BDA379 /* InfoPlist.strings in Resources */ = {isa = PBXBuildFile; fileRef = 5FEF341F1489054700BDA379 /* InfoPlist.strings */; };
		5FEF34231489054700BDA379 /* main.m in Sources */ = {isa = PBXBuildFile; fileRef = 5FEF34221489054700BDA379 /* main.m */; };
		5FEF34271489054700BDA379 /* AppDelegate.m in Sources */ = {isa = PBXBuildFile; fileRef = 5FEF34261489054700BDA379 /* AppDelegate.m */; };
		5FEF342A1489054700BDA379 /* ViewController.m in Sources */ = {isa = PBXBuildFile; fileRef = 5FEF34291489054700BDA379 /* ViewController.m */; };
		5FEF3455148905D400BDA379 /* Vkontakte.m in Sources */ = {isa = PBXBuildFile; fileRef = 5FEF344D148905D400BDA379 /* Vkontakte.m */; };
		5FEF3456148905D400BDA379 /* VkontakteViewController.m in Sources */ = {isa = PBXBuildFile; fileRef = 5FEF344F148905D400BDA379 /* VkontakteViewController.m */; };
		5FEF3457148905D400BDA379 /* VkontakteViewController.xib in Resources */ = {isa = PBXBuildFile; fileRef = 5FEF3450148905D400BDA379 /* VkontakteViewController.xib */; };
		5FEF3458148905D400BDA379 /* NSString+Gender.m in Sources */ = {isa = PBXBuildFile; fileRef = 5FEF3452148905D400BDA379 /* NSString+Gender.m */; };
		5FEF3459148905D400BDA379 /* MBProgressHUD.m in Sources */ = {isa = PBXBuildFile; fileRef = 5FEF3454148905D400BDA379 /* MBProgressHUD.m */; };
		5FEF345B1489062700BDA379 /* ViewController.xib in Resources */ = {isa = PBXBuildFile; fileRef = 5FEF345A1489062700BDA379 /* ViewController.xib */; };
		5FEF345D1489063900BDA379 /* test_image.png in Resources */ = {isa = PBXBuildFile; fileRef = 5FEF345C1489063900BDA379 /* test_image.png */; };
		5FEF34631489099A00BDA379 /* README.mdown in Resources */ = {isa = PBXBuildFile; fileRef = 5FEF34621489099A00BDA379 /* README.mdown */; };
/* End PBXBuildFile section */

/* Begin PBXFileReference section */
		5F4B7D87152B2C2800DB7B2A /* NSObject+SBJson.h */ = {isa = PBXFileReference; fileEncoding = 4; lastKnownFileType = sourcecode.c.h; path = "NSObject+SBJson.h"; sourceTree = "<group>"; };
		5F4B7D88152B2C2800DB7B2A /* NSObject+SBJson.m */ = {isa = PBXFileReference; fileEncoding = 4; lastKnownFileType = sourcecode.c.objc; path = "NSObject+SBJson.m"; sourceTree = "<group>"; };
		5F4B7D89152B2C2800DB7B2A /* SBJson.h */ = {isa = PBXFileReference; fileEncoding = 4; lastKnownFileType = sourcecode.c.h; path = SBJson.h; sourceTree = "<group>"; };
		5F4B7D8A152B2C2800DB7B2A /* SBJsonParser.h */ = {isa = PBXFileReference; fileEncoding = 4; lastKnownFileType = sourcecode.c.h; path = SBJsonParser.h; sourceTree = "<group>"; };
		5F4B7D8B152B2C2800DB7B2A /* SBJsonParser.m */ = {isa = PBXFileReference; fileEncoding = 4; lastKnownFileType = sourcecode.c.objc; path = SBJsonParser.m; sourceTree = "<group>"; };
		5F4B7D8C152B2C2800DB7B2A /* SBJsonStreamParser.h */ = {isa = PBXFileReference; fileEncoding = 4; lastKnownFileType = sourcecode.c.h; path = SBJsonStreamParser.h; sourceTree = "<group>"; };
		5F4B7D8D152B2C2800DB7B2A /* SBJsonStreamParser.m */ = {isa = PBXFileReference; fileEncoding = 4; lastKnownFileType = sourcecode.c.objc; path = SBJsonStreamParser.m; sourceTree = "<group>"; };
		5F4B7D8E152B2C2800DB7B2A /* SBJsonStreamParserAccumulator.h */ = {isa = PBXFileReference; fileEncoding = 4; lastKnownFileType = sourcecode.c.h; path = SBJsonStreamParserAccumulator.h; sourceTree = "<group>"; };
		5F4B7D8F152B2C2800DB7B2A /* SBJsonStreamParserAccumulator.m */ = {isa = PBXFileReference; fileEncoding = 4; lastKnownFileType = sourcecode.c.objc; path = SBJsonStreamParserAccumulator.m; sourceTree = "<group>"; };
		5F4B7D90152B2C2800DB7B2A /* SBJsonStreamParserAdapter.h */ = {isa = PBXFileReference; fileEncoding = 4; lastKnownFileType = sourcecode.c.h; path = SBJsonStreamParserAdapter.h; sourceTree = "<group>"; };
		5F4B7D91152B2C2800DB7B2A /* SBJsonStreamParserAdapter.m */ = {isa = PBXFileReference; fileEncoding = 4; lastKnownFileType = sourcecode.c.objc; path = SBJsonStreamParserAdapter.m; sourceTree = "<group>"; };
		5F4B7D92152B2C2800DB7B2A /* SBJsonStreamParserState.h */ = {isa = PBXFileReference; fileEncoding = 4; lastKnownFileType = sourcecode.c.h; path = SBJsonStreamParserState.h; sourceTree = "<group>"; };
		5F4B7D93152B2C2800DB7B2A /* SBJsonStreamParserState.m */ = {isa = PBXFileReference; fileEncoding = 4; lastKnownFileType = sourcecode.c.objc; path = SBJsonStreamParserState.m; sourceTree = "<group>"; };
		5F4B7D94152B2C2800DB7B2A /* SBJsonStreamWriter.h */ = {isa = PBXFileReference; fileEncoding = 4; lastKnownFileType = sourcecode.c.h; path = SBJsonStreamWriter.h; sourceTree = "<group>"; };
		5F4B7D95152B2C2800DB7B2A /* SBJsonStreamWriter.m */ = {isa = PBXFileReference; fileEncoding = 4; lastKnownFileType = sourcecode.c.objc; path = SBJsonStreamWriter.m; sourceTree = "<group>"; };
		5F4B7D96152B2C2800DB7B2A /* SBJsonStreamWriterAccumulator.h */ = {isa = PBXFileReference; fileEncoding = 4; lastKnownFileType = sourcecode.c.h; path = SBJsonStreamWriterAccumulator.h; sourceTree = "<group>"; };
		5F4B7D97152B2C2800DB7B2A /* SBJsonStreamWriterAccumulator.m */ = {isa = PBXFileReference; fileEncoding = 4; lastKnownFileType = sourcecode.c.objc; path = SBJsonStreamWriterAccumulator.m; sourceTree = "<group>"; };
		5F4B7D98152B2C2800DB7B2A /* SBJsonStreamWriterState.h */ = {isa = PBXFileReference; fileEncoding = 4; lastKnownFileType = sourcecode.c.h; path = SBJsonStreamWriterState.h; sourceTree = "<group>"; };
		5F4B7D99152B2C2800DB7B2A /* SBJsonStreamWriterState.m */ = {isa = PBXFileReference; fileEncoding = 4; lastKnownFileType = sourcecode.c.objc; path = SBJsonStreamWriterState.m; sourceTree = "<group>"; };
		5F4B7D9A152B2C2800DB7B2A /* SBJsonTokeniser.h */ = {isa = PBXFileReference; fileEncoding = 4; lastKnownFileType = sourcecode.c.h; path = SBJsonTokeniser.h; sourceTree = "<group>"; };
		5F4B7D9B152B2C2800DB7B2A /* SBJsonTokeniser.m */ = {isa = PBXFileReference; fileEncoding = 4; lastKnownFileType = sourcecode.c.objc; path = SBJsonTokeniser.m; sourceTree = "<group>"; };
		5F4B7D9C152B2C2800DB7B2A /* SBJsonUTF8Stream.h */ = {isa = PBXFileReference; fileEncoding = 4; lastKnownFileType = sourcecode.c.h; path = SBJsonUTF8Stream.h; sourceTree = "<group>"; };
		5F4B7D9D152B2C2800DB7B2A /* SBJsonUTF8Stream.m */ = {isa = PBXFileReference; fileEncoding = 4; lastKnownFileType = sourcecode.c.objc; path = SBJsonUTF8Stream.m; sourceTree = "<group>"; };
		5F4B7D9E152B2C2800DB7B2A /* SBJsonWriter.h */ = {isa = PBXFileReference; fileEncoding = 4; lastKnownFileType = sourcecode.c.h; path = SBJsonWriter.h; sourceTree = "<group>"; };
		5F4B7D9F152B2C2800DB7B2A /* SBJsonWriter.m */ = {isa = PBXFileReference; fileEncoding = 4; lastKnownFileType = sourcecode.c.objc; path = SBJsonWriter.m; sourceTree = "<group>"; };
		5F5CA4B81500F00C00A86651 /* icon.png */ = {isa = PBXFileReference; lastKnownFileType = image.png; path = icon.png; sourceTree = "<group>"; };
		5F5CA4BB1500F01300A86651 /* icon@2x.png */ = {isa = PBXFileReference; lastKnownFileType = image.png; path = "icon@2x.png"; sourceTree = "<group>"; };
		5FEF34121489054700BDA379 /* Vkontakte-iOS-SDK.app */ = {isa = PBXFileReference; explicitFileType = wrapper.application; includeInIndex = 0; path = "Vkontakte-iOS-SDK.app"; sourceTree = BUILT_PRODUCTS_DIR; };
		5FEF34161489054700BDA379 /* UIKit.framework */ = {isa = PBXFileReference; lastKnownFileType = wrapper.framework; name = UIKit.framework; path = System/Library/Frameworks/UIKit.framework; sourceTree = SDKROOT; };
		5FEF34181489054700BDA379 /* Foundation.framework */ = {isa = PBXFileReference; lastKnownFileType = wrapper.framework; name = Foundation.framework; path = System/Library/Frameworks/Foundation.framework; sourceTree = SDKROOT; };
		5FEF341A1489054700BDA379 /* CoreGraphics.framework */ = {isa = PBXFileReference; lastKnownFileType = wrapper.framework; name = CoreGraphics.framework; path = System/Library/Frameworks/CoreGraphics.framework; sourceTree = SDKROOT; };
		5FEF341E1489054700BDA379 /* Vkontakte-iOS-SDK-Info.plist */ = {isa = PBXFileReference; lastKnownFileType = text.plist.xml; path = "Vkontakte-iOS-SDK-Info.plist"; sourceTree = "<group>"; };
		5FEF34201489054700BDA379 /* en */ = {isa = PBXFileReference; lastKnownFileType = text.plist.strings; name = en; path = en.lproj/InfoPlist.strings; sourceTree = "<group>"; };
		5FEF34221489054700BDA379 /* main.m */ = {isa = PBXFileReference; lastKnownFileType = sourcecode.c.objc; path = main.m; sourceTree = "<group>"; };
		5FEF34241489054700BDA379 /* Vkontakte-iOS-SDK-Prefix.pch */ = {isa = PBXFileReference; lastKnownFileType = sourcecode.c.h; path = "Vkontakte-iOS-SDK-Prefix.pch"; sourceTree = "<group>"; };
		5FEF34251489054700BDA379 /* AppDelegate.h */ = {isa = PBXFileReference; lastKnownFileType = sourcecode.c.h; path = AppDelegate.h; sourceTree = "<group>"; };
		5FEF34261489054700BDA379 /* AppDelegate.m */ = {isa = PBXFileReference; lastKnownFileType = sourcecode.c.objc; path = AppDelegate.m; sourceTree = "<group>"; };
		5FEF34281489054700BDA379 /* ViewController.h */ = {isa = PBXFileReference; lastKnownFileType = sourcecode.c.h; path = ViewController.h; sourceTree = "<group>"; };
		5FEF34291489054700BDA379 /* ViewController.m */ = {isa = PBXFileReference; lastKnownFileType = sourcecode.c.objc; path = ViewController.m; sourceTree = "<group>"; };
		5FEF344C148905D400BDA379 /* Vkontakte.h */ = {isa = PBXFileReference; fileEncoding = 4; lastKnownFileType = sourcecode.c.h; path = Vkontakte.h; sourceTree = "<group>"; };
		5FEF344D148905D400BDA379 /* Vkontakte.m */ = {isa = PBXFileReference; fileEncoding = 4; lastKnownFileType = sourcecode.c.objc; path = Vkontakte.m; sourceTree = "<group>"; };
		5FEF344E148905D400BDA379 /* VkontakteViewController.h */ = {isa = PBXFileReference; fileEncoding = 4; lastKnownFileType = sourcecode.c.h; path = VkontakteViewController.h; sourceTree = "<group>"; };
		5FEF344F148905D400BDA379 /* VkontakteViewController.m */ = {isa = PBXFileReference; fileEncoding = 4; lastKnownFileType = sourcecode.c.objc; path = VkontakteViewController.m; sourceTree = "<group>"; };
		5FEF3450148905D400BDA379 /* VkontakteViewController.xib */ = {isa = PBXFileReference; fileEncoding = 4; lastKnownFileType = file.xib; path = VkontakteViewController.xib; sourceTree = "<group>"; };
		5FEF3451148905D400BDA379 /* NSString+Gender.h */ = {isa = PBXFileReference; fileEncoding = 4; lastKnownFileType = sourcecode.c.h; path = "NSString+Gender.h"; sourceTree = "<group>"; };
		5FEF3452148905D400BDA379 /* NSString+Gender.m */ = {isa = PBXFileReference; fileEncoding = 4; lastKnownFileType = sourcecode.c.objc; path = "NSString+Gender.m"; sourceTree = "<group>"; };
		5FEF3453148905D400BDA379 /* MBProgressHUD.h */ = {isa = PBXFileReference; fileEncoding = 4; lastKnownFileType = sourcecode.c.h; path = MBProgressHUD.h; sourceTree = "<group>"; };
		5FEF3454148905D400BDA379 /* MBProgressHUD.m */ = {isa = PBXFileReference; fileEncoding = 4; lastKnownFileType = sourcecode.c.objc; path = MBProgressHUD.m; sourceTree = "<group>"; };
		5FEF345A1489062700BDA379 /* ViewController.xib */ = {isa = PBXFileReference; fileEncoding = 4; lastKnownFileType = file.xib; path = ViewController.xib; sourceTree = "<group>"; };
		5FEF345C1489063900BDA379 /* test_image.png */ = {isa = PBXFileReference; lastKnownFileType = image.png; path = test_image.png; sourceTree = "<group>"; };
		5FEF34621489099A00BDA379 /* README.mdown */ = {isa = PBXFileReference; fileEncoding = 4; lastKnownFileType = text; path = README.mdown; sourceTree = "<group>"; };
/* End PBXFileReference section */

/* Begin PBXFrameworksBuildPhase section */
		5FEF340F1489054700BDA379 /* Frameworks */ = {
			isa = PBXFrameworksBuildPhase;
			buildActionMask = 2147483647;
			files = (
				5FEF34171489054700BDA379 /* UIKit.framework in Frameworks */,
				5FEF34191489054700BDA379 /* Foundation.framework in Frameworks */,
				5FEF341B1489054700BDA379 /* CoreGraphics.framework in Frameworks */,
			);
			runOnlyForDeploymentPostprocessing = 0;
		};
/* End PBXFrameworksBuildPhase section */

/* Begin PBXGroup section */
		5F4B7D86152B2C2800DB7B2A /* SBJSon */ = {
			isa = PBXGroup;
			children = (
				5F4B7D87152B2C2800DB7B2A /* NSObject+SBJson.h */,
				5F4B7D88152B2C2800DB7B2A /* NSObject+SBJson.m */,
				5F4B7D89152B2C2800DB7B2A /* SBJson.h */,
				5F4B7D8A152B2C2800DB7B2A /* SBJsonParser.h */,
				5F4B7D8B152B2C2800DB7B2A /* SBJsonParser.m */,
				5F4B7D8C152B2C2800DB7B2A /* SBJsonStreamParser.h */,
				5F4B7D8D152B2C2800DB7B2A /* SBJsonStreamParser.m */,
				5F4B7D8E152B2C2800DB7B2A /* SBJsonStreamParserAccumulator.h */,
				5F4B7D8F152B2C2800DB7B2A /* SBJsonStreamParserAccumulator.m */,
				5F4B7D90152B2C2800DB7B2A /* SBJsonStreamParserAdapter.h */,
				5F4B7D91152B2C2800DB7B2A /* SBJsonStreamParserAdapter.m */,
				5F4B7D92152B2C2800DB7B2A /* SBJsonStreamParserState.h */,
				5F4B7D93152B2C2800DB7B2A /* SBJsonStreamParserState.m */,
				5F4B7D94152B2C2800DB7B2A /* SBJsonStreamWriter.h */,
				5F4B7D95152B2C2800DB7B2A /* SBJsonStreamWriter.m */,
				5F4B7D96152B2C2800DB7B2A /* SBJsonStreamWriterAccumulator.h */,
				5F4B7D97152B2C2800DB7B2A /* SBJsonStreamWriterAccumulator.m */,
				5F4B7D98152B2C2800DB7B2A /* SBJsonStreamWriterState.h */,
				5F4B7D99152B2C2800DB7B2A /* SBJsonStreamWriterState.m */,
				5F4B7D9A152B2C2800DB7B2A /* SBJsonTokeniser.h */,
				5F4B7D9B152B2C2800DB7B2A /* SBJsonTokeniser.m */,
				5F4B7D9C152B2C2800DB7B2A /* SBJsonUTF8Stream.h */,
				5F4B7D9D152B2C2800DB7B2A /* SBJsonUTF8Stream.m */,
				5F4B7D9E152B2C2800DB7B2A /* SBJsonWriter.h */,
				5F4B7D9F152B2C2800DB7B2A /* SBJsonWriter.m */,
			);
			path = SBJSon;
			sourceTree = "<group>";
		};
		5FEF34071489054700BDA379 = {
			isa = PBXGroup;
			children = (
				5F5CA4BB1500F01300A86651 /* icon@2x.png */,
				5F5CA4B81500F00C00A86651 /* icon.png */,
				5FEF341C1489054700BDA379 /* Vkontakte-iOS-SDK */,
				5FEF34151489054700BDA379 /* Frameworks */,
				5FEF34131489054700BDA379 /* Products */,
			);
			sourceTree = "<group>";
		};
		5FEF34131489054700BDA379 /* Products */ = {
			isa = PBXGroup;
			children = (
				5FEF34121489054700BDA379 /* Vkontakte-iOS-SDK.app */,
			);
			name = Products;
			sourceTree = "<group>";
		};
		5FEF34151489054700BDA379 /* Frameworks */ = {
			isa = PBXGroup;
			children = (
				5FEF34161489054700BDA379 /* UIKit.framework */,
				5FEF34181489054700BDA379 /* Foundation.framework */,
				5FEF341A1489054700BDA379 /* CoreGraphics.framework */,
			);
			name = Frameworks;
			sourceTree = "<group>";
		};
		5FEF341C1489054700BDA379 /* Vkontakte-iOS-SDK */ = {
			isa = PBXGroup;
			children = (
				5F4B7D86152B2C2800DB7B2A /* SBJSon */,
				5FEF34621489099A00BDA379 /* README.mdown */,
				5FEF344B148905B300BDA379 /* Vkontakte */,
				5FEF3453148905D400BDA379 /* MBProgressHUD.h */,
				5FEF3454148905D400BDA379 /* MBProgressHUD.m */,
				5FEF34251489054700BDA379 /* AppDelegate.h */,
				5FEF34261489054700BDA379 /* AppDelegate.m */,
				5FEF34281489054700BDA379 /* ViewController.h */,
				5FEF34291489054700BDA379 /* ViewController.m */,
				5FEF345A1489062700BDA379 /* ViewController.xib */,
				5FEF341D1489054700BDA379 /* Supporting Files */,
			);
			path = "Vkontakte-iOS-SDK";
			sourceTree = "<group>";
		};
		5FEF341D1489054700BDA379 /* Supporting Files */ = {
			isa = PBXGroup;
			children = (
				5FEF345C1489063900BDA379 /* test_image.png */,
				5FEF341E1489054700BDA379 /* Vkontakte-iOS-SDK-Info.plist */,
				5FEF341F1489054700BDA379 /* InfoPlist.strings */,
				5FEF34221489054700BDA379 /* main.m */,
				5FEF34241489054700BDA379 /* Vkontakte-iOS-SDK-Prefix.pch */,
			);
			name = "Supporting Files";
			sourceTree = "<group>";
		};
		5FEF344B148905B300BDA379 /* Vkontakte */ = {
			isa = PBXGroup;
			children = (
				5FEF344C148905D400BDA379 /* Vkontakte.h */,
				5FEF344D148905D400BDA379 /* Vkontakte.m */,
				5FEF344E148905D400BDA379 /* VkontakteViewController.h */,
				5FEF344F148905D400BDA379 /* VkontakteViewController.m */,
				5FEF3450148905D400BDA379 /* VkontakteViewController.xib */,
				5FEF3451148905D400BDA379 /* NSString+Gender.h */,
				5FEF3452148905D400BDA379 /* NSString+Gender.m */,
			);
			name = Vkontakte;
			sourceTree = "<group>";
		};
/* End PBXGroup section */

/* Begin PBXNativeTarget section */
		5FEF34111489054700BDA379 /* Vkontakte-iOS-SDK */ = {
			isa = PBXNativeTarget;
			buildConfigurationList = 5FEF34301489054800BDA379 /* Build configuration list for PBXNativeTarget "Vkontakte-iOS-SDK" */;
			buildPhases = (
				5FEF340E1489054700BDA379 /* Sources */,
				5FEF340F1489054700BDA379 /* Frameworks */,
				5FEF34101489054700BDA379 /* Resources */,
			);
			buildRules = (
			);
			dependencies = (
			);
			name = "Vkontakte-iOS-SDK";
			productName = "Vkontakte-iOS-SDK";
			productReference = 5FEF34121489054700BDA379 /* Vkontakte-iOS-SDK.app */;
			productType = "com.apple.product-type.application";
		};
/* End PBXNativeTarget section */

/* Begin PBXProject section */
		5FEF34091489054700BDA379 /* Project object */ = {
			isa = PBXProject;
			attributes = {
				LastUpgradeCheck = 0420;
			};
			buildConfigurationList = 5FEF340C1489054700BDA379 /* Build configuration list for PBXProject "Vkontakte-iOS-SDK" */;
			compatibilityVersion = "Xcode 3.2";
			developmentRegion = English;
			hasScannedForEncodings = 0;
			knownRegions = (
				en,
			);
			mainGroup = 5FEF34071489054700BDA379;
			productRefGroup = 5FEF34131489054700BDA379 /* Products */;
			projectDirPath = "";
			projectRoot = "";
			targets = (
				5FEF34111489054700BDA379 /* Vkontakte-iOS-SDK */,
			);
		};
/* End PBXProject section */

/* Begin PBXResourcesBuildPhase section */
		5FEF34101489054700BDA379 /* Resources */ = {
			isa = PBXResourcesBuildPhase;
			buildActionMask = 2147483647;
			files = (
				5FEF34211489054700BDA379 /* InfoPlist.strings in Resources */,
				5FEF3457148905D400BDA379 /* VkontakteViewController.xib in Resources */,
				5FEF345B1489062700BDA379 /* ViewController.xib in Resources */,
				5FEF345D1489063900BDA379 /* test_image.png in Resources */,
				5FEF34631489099A00BDA379 /* README.mdown in Resources */,
				5F5CA4B91500F00C00A86651 /* icon.png in Resources */,
				5F5CA4BC1500F01300A86651 /* icon@2x.png in Resources */,
			);
			runOnlyForDeploymentPostprocessing = 0;
		};
/* End PBXResourcesBuildPhase section */

/* Begin PBXSourcesBuildPhase section */
		5FEF340E1489054700BDA379 /* Sources */ = {
			isa = PBXSourcesBuildPhase;
			buildActionMask = 2147483647;
			files = (
				5FEF34231489054700BDA379 /* main.m in Sources */,
				5FEF34271489054700BDA379 /* AppDelegate.m in Sources */,
				5FEF342A1489054700BDA379 /* ViewController.m in Sources */,
				5FEF3455148905D400BDA379 /* Vkontakte.m in Sources */,
				5FEF3456148905D400BDA379 /* VkontakteViewController.m in Sources */,
				5FEF3458148905D400BDA379 /* NSString+Gender.m in Sources */,
				5FEF3459148905D400BDA379 /* MBProgressHUD.m in Sources */,
				5F4B7DA0152B2C2800DB7B2A /* NSObject+SBJson.m in Sources */,
				5F4B7DA1152B2C2800DB7B2A /* SBJsonParser.m in Sources */,
				5F4B7DA2152B2C2800DB7B2A /* SBJsonStreamParser.m in Sources */,
				5F4B7DA3152B2C2800DB7B2A /* SBJsonStreamParserAccumulator.m in Sources */,
				5F4B7DA4152B2C2800DB7B2A /* SBJsonStreamParserAdapter.m in Sources */,
				5F4B7DA5152B2C2800DB7B2A /* SBJsonStreamParserState.m in Sources */,
				5F4B7DA6152B2C2800DB7B2A /* SBJsonStreamWriter.m in Sources */,
				5F4B7DA7152B2C2800DB7B2A /* SBJsonStreamWriterAccumulator.m in Sources */,
				5F4B7DA8152B2C2800DB7B2A /* SBJsonStreamWriterState.m in Sources */,
				5F4B7DA9152B2C2800DB7B2A /* SBJsonTokeniser.m in Sources */,
				5F4B7DAA152B2C2800DB7B2A /* SBJsonUTF8Stream.m in Sources */,
				5F4B7DAB152B2C2800DB7B2A /* SBJsonWriter.m in Sources */,
			);
			runOnlyForDeploymentPostprocessing = 0;
		};
/* End PBXSourcesBuildPhase section */

/* Begin PBXVariantGroup section */
		5FEF341F1489054700BDA379 /* InfoPlist.strings */ = {
			isa = PBXVariantGroup;
			children = (
				5FEF34201489054700BDA379 /* en */,
			);
			name = InfoPlist.strings;
			sourceTree = "<group>";
		};
/* End PBXVariantGroup section */

/* Begin XCBuildConfiguration section */
		5FEF342E1489054800BDA379 /* Debug */ = {
			isa = XCBuildConfiguration;
			buildSettings = {
				ALWAYS_SEARCH_USER_PATHS = NO;
				ARCHS = "$(ARCHS_STANDARD_32_BIT)";
				"CODE_SIGN_IDENTITY[sdk=iphoneos*]" = "iPhone Developer";
				COPY_PHASE_STRIP = NO;
				GCC_C_LANGUAGE_STANDARD = gnu99;
				GCC_DYNAMIC_NO_PIC = NO;
				GCC_OPTIMIZATION_LEVEL = 0;
				GCC_PREPROCESSOR_DEFINITIONS = (
					"DEBUG=1",
					"$(inherited)",
				);
				GCC_SYMBOLS_PRIVATE_EXTERN = NO;
				GCC_VERSION = com.apple.compilers.llvm.clang.1_0;
				GCC_WARN_ABOUT_MISSING_PROTOTYPES = YES;
				GCC_WARN_ABOUT_RETURN_TYPE = YES;
				GCC_WARN_UNUSED_VARIABLE = YES;
				IPHONEOS_DEPLOYMENT_TARGET = 5.0;
				SDKROOT = iphoneos;
			};
			name = Debug;
		};
		5FEF342F1489054800BDA379 /* Release */ = {
			isa = XCBuildConfiguration;
			buildSettings = {
				ALWAYS_SEARCH_USER_PATHS = NO;
				ARCHS = "$(ARCHS_STANDARD_32_BIT)";
				"CODE_SIGN_IDENTITY[sdk=iphoneos*]" = "iPhone Developer";
				COPY_PHASE_STRIP = YES;
				GCC_C_LANGUAGE_STANDARD = gnu99;
				GCC_VERSION = com.apple.compilers.llvm.clang.1_0;
				GCC_WARN_ABOUT_MISSING_PROTOTYPES = YES;
				GCC_WARN_ABOUT_RETURN_TYPE = YES;
				GCC_WARN_UNUSED_VARIABLE = YES;
				IPHONEOS_DEPLOYMENT_TARGET = 5.0;
				OTHER_CFLAGS = "-DNS_BLOCK_ASSERTIONS=1";
				SDKROOT = iphoneos;
				VALIDATE_PRODUCT = YES;
			};
			name = Release;
		};
		5FEF34311489054800BDA379 /* Debug */ = {
			isa = XCBuildConfiguration;
			buildSettings = {
				GCC_PRECOMPILE_PREFIX_HEADER = YES;
				GCC_PREFIX_HEADER = "Vkontakte-iOS-SDK/Vkontakte-iOS-SDK-Prefix.pch";
				INFOPLIST_FILE = "Vkontakte-iOS-SDK/Vkontakte-iOS-SDK-Info.plist";
				IPHONEOS_DEPLOYMENT_TARGET = 4.0;
				PRODUCT_NAME = "$(TARGET_NAME)";
				WRAPPER_EXTENSION = app;
			};
			name = Debug;
		};
		5FEF34321489054800BDA379 /* Release */ = {
			isa = XCBuildConfiguration;
			buildSettings = {
				GCC_PRECOMPILE_PREFIX_HEADER = YES;
				GCC_PREFIX_HEADER = "Vkontakte-iOS-SDK/Vkontakte-iOS-SDK-Prefix.pch";
				INFOPLIST_FILE = "Vkontakte-iOS-SDK/Vkontakte-iOS-SDK-Info.plist";
				IPHONEOS_DEPLOYMENT_TARGET = 4.0;
				PRODUCT_NAME = "$(TARGET_NAME)";
				WRAPPER_EXTENSION = app;
			};
			name = Release;
		};
/* End XCBuildConfiguration section */

/* Begin XCConfigurationList section */
		5FEF340C1489054700BDA379 /* Build configuration list for PBXProject "Vkontakte-iOS-SDK" */ = {
			isa = XCConfigurationList;
			buildConfigurations = (
				5FEF342E1489054800BDA379 /* Debug */,
				5FEF342F1489054800BDA379 /* Release */,
			);
			defaultConfigurationIsVisible = 0;
			defaultConfigurationName = Release;
		};
		5FEF34301489054800BDA379 /* Build configuration list for PBXNativeTarget "Vkontakte-iOS-SDK" */ = {
			isa = XCConfigurationList;
			buildConfigurations = (
				5FEF34311489054800BDA379 /* Debug */,
				5FEF34321489054800BDA379 /* Release */,
			);
			defaultConfigurationIsVisible = 0;
			defaultConfigurationName = Release;
		};
/* End XCConfigurationList section */
	};
	rootObject = 5FEF34091489054700BDA379 /* Project object */;
}
