// !$*UTF8*$!
{
	archiveVersion = 1;
	classes = {
	};
	objectVersion = 46;
	objects = {

/* Begin PBXBuildFile section */
		5F2E0666154F13AD00AC7804 /* ViewController_iPad.xib in Resources */ = {isa = PBXBuildFile; fileRef = 5F2E0665154F13AD00AC7804 /* ViewController_iPad.xib */; };
		5FEF34171489054700BDA379 /* UIKit.framework in Frameworks */ = {isa = PBXBuildFile; fileRef = 5FEF34161489054700BDA379 /* UIKit.framework */; };
		5FEF34191489054700BDA379 /* Foundation.framework in Frameworks */ = {isa = PBXBuildFile; fileRef = 5FEF34181489054700BDA379 /* Foundation.framework */; };
		5FEF341B1489054700BDA379 /* CoreGraphics.framework in Frameworks */ = {isa = PBXBuildFile; fileRef = 5FEF341A1489054700BDA379 /* CoreGraphics.framework */; };
		5FEF34211489054700BDA379 /* InfoPlist.strings in Resources */ = {isa = PBXBuildFile; fileRef = 5FEF341F1489054700BDA379 /* InfoPlist.strings */; };
		5FEF34231489054700BDA379 /* main.m in Sources */ = {isa = PBXBuildFile; fileRef = 5FEF34221489054700BDA379 /* main.m */; };
		5FEF34271489054700BDA379 /* AppDelegate.m in Sources */ = {isa = PBXBuildFile; fileRef = 5FEF34261489054700BDA379 /* AppDelegate.m */; };
		5FEF342A1489054700BDA379 /* ViewController.m in Sources */ = {isa = PBXBuildFile; fileRef = 5FEF34291489054700BDA379 /* ViewController.m */; };
		5FEF345B1489062700BDA379 /* ViewController_iPhone.xib in Resources */ = {isa = PBXBuildFile; fileRef = 5FEF345A1489062700BDA379 /* ViewController_iPhone.xib */; };
		5FEF34631489099A00BDA379 /* README.mdown in Resources */ = {isa = PBXBuildFile; fileRef = 5FEF34621489099A00BDA379 /* README.mdown */; };
		BCD6314D15A5EEA600EA2805 /* Default-Landscape.png in Resources */ = {isa = PBXBuildFile; fileRef = BCD6314115A5EEA600EA2805 /* Default-Landscape.png */; };
		BCD6314E15A5EEA600EA2805 /* Default-Portrait.png in Resources */ = {isa = PBXBuildFile; fileRef = BCD6314215A5EEA600EA2805 /* Default-Portrait.png */; };
		BCD6314F15A5EEA600EA2805 /* Default.png in Resources */ = {isa = PBXBuildFile; fileRef = BCD6314315A5EEA600EA2805 /* Default.png */; };
		BCD6315015A5EEA600EA2805 /* Default@2x.png in Resources */ = {isa = PBXBuildFile; fileRef = BCD6314415A5EEA600EA2805 /* Default@2x.png */; };
		BCD6315115A5EEA600EA2805 /* icon-72.png in Resources */ = {isa = PBXBuildFile; fileRef = BCD6314515A5EEA600EA2805 /* icon-72.png */; };
		BCD6315215A5EEA600EA2805 /* icon-72@2x.png in Resources */ = {isa = PBXBuildFile; fileRef = BCD6314615A5EEA600EA2805 /* icon-72@2x.png */; };
		BCD6315315A5EEA600EA2805 /* icon-Small-50.png in Resources */ = {isa = PBXBuildFile; fileRef = BCD6314715A5EEA600EA2805 /* icon-Small-50.png */; };
		BCD6315415A5EEA600EA2805 /* icon-Small.png in Resources */ = {isa = PBXBuildFile; fileRef = BCD6314815A5EEA600EA2805 /* icon-Small.png */; };
		BCD6315515A5EEA600EA2805 /* icon-Small@2x.png in Resources */ = {isa = PBXBuildFile; fileRef = BCD6314915A5EEA600EA2805 /* icon-Small@2x.png */; };
		BCD6315615A5EEA600EA2805 /* icon.png in Resources */ = {isa = PBXBuildFile; fileRef = BCD6314A15A5EEA600EA2805 /* icon.png */; };
		BCD6315715A5EEA600EA2805 /* icon@2x.png in Resources */ = {isa = PBXBuildFile; fileRef = BCD6314B15A5EEA600EA2805 /* icon@2x.png */; };
		BCD6315815A5EEA600EA2805 /* iTunesArtwork.png in Resources */ = {isa = PBXBuildFile; fileRef = BCD6314C15A5EEA600EA2805 /* iTunesArtwork.png */; };
		BCD6316115A5EF0900EA2805 /* NSString+Gender.m in Sources */ = {isa = PBXBuildFile; fileRef = BCD6315A15A5EF0900EA2805 /* NSString+Gender.m */; };
		BCD6316215A5EF0900EA2805 /* Vkontakte.m in Sources */ = {isa = PBXBuildFile; fileRef = BCD6315C15A5EF0900EA2805 /* Vkontakte.m */; };
		BCD6316315A5EF0900EA2805 /* VkontakteViewController_iPad.xib in Resources */ = {isa = PBXBuildFile; fileRef = BCD6315D15A5EF0900EA2805 /* VkontakteViewController_iPad.xib */; };
		BCD6316415A5EF0900EA2805 /* VkontakteViewController_iPhone.xib in Resources */ = {isa = PBXBuildFile; fileRef = BCD6315E15A5EF0900EA2805 /* VkontakteViewController_iPhone.xib */; };
		BCD6316515A5EF0900EA2805 /* VkontakteViewController.m in Sources */ = {isa = PBXBuildFile; fileRef = BCD6316015A5EF0900EA2805 /* VkontakteViewController.m */; };
		BCD6316E15A5F1B100EA2805 /* MBProgressHUD.m in Sources */ = {isa = PBXBuildFile; fileRef = BCD6316D15A5F1B100EA2805 /* MBProgressHUD.m */; };
/* End PBXBuildFile section */

/* Begin PBXFileReference section */
		5F2E0665154F13AD00AC7804 /* ViewController_iPad.xib */ = {isa = PBXFileReference; fileEncoding = 4; lastKnownFileType = file.xib; path = ViewController_iPad.xib; sourceTree = "<group>"; };
		5FEF34121489054700BDA379 /* Vkontakte-iOS-SDK.app */ = {isa = PBXFileReference; explicitFileType = wrapper.application; includeInIndex = 0; path = "Vkontakte-iOS-SDK.app"; sourceTree = BUILT_PRODUCTS_DIR; };
		5FEF34161489054700BDA379 /* UIKit.framework */ = {isa = PBXFileReference; lastKnownFileType = wrapper.framework; name = UIKit.framework; path = System/Library/Frameworks/UIKit.framework; sourceTree = SDKROOT; };
		5FEF34181489054700BDA379 /* Foundation.framework */ = {isa = PBXFileReference; lastKnownFileType = wrapper.framework; name = Foundation.framework; path = System/Library/Frameworks/Foundation.framework; sourceTree = SDKROOT; };
		5FEF341A1489054700BDA379 /* CoreGraphics.framework */ = {isa = PBXFileReference; lastKnownFileType = wrapper.framework; name = CoreGraphics.framework; path = System/Library/Frameworks/CoreGraphics.framework; sourceTree = SDKROOT; };
		5FEF341E1489054700BDA379 /* Vkontakte-iOS-SDK-Info.plist */ = {isa = PBXFileReference; lastKnownFileType = text.plist.xml; path = "Vkontakte-iOS-SDK-Info.plist"; sourceTree = "<group>"; };
		5FEF34201489054700BDA379 /* en */ = {isa = PBXFileReference; lastKnownFileType = text.plist.strings; name = en; path = en.lproj/InfoPlist.strings; sourceTree = "<group>"; };
		5FEF34221489054700BDA379 /* main.m */ = {isa = PBXFileReference; lastKnownFileType = sourcecode.c.objc; path = main.m; sourceTree = "<group>"; };
		5FEF34241489054700BDA379 /* Vkontakte-iOS-SDK-Prefix.pch */ = {isa = PBXFileReference; lastKnownFileType = sourcecode.c.h; path = "Vkontakte-iOS-SDK-Prefix.pch"; sourceTree = "<group>"; };
		5FEF34251489054700BDA379 /* AppDelegate.h */ = {isa = PBXFileReference; lastKnownFileType = sourcecode.c.h; path = AppDelegate.h; sourceTree = "<group>"; };
		5FEF34261489054700BDA379 /* AppDelegate.m */ = {isa = PBXFileReference; lastKnownFileType = sourcecode.c.objc; path = AppDelegate.m; sourceTree = "<group>"; };
		5FEF34281489054700BDA379 /* ViewController.h */ = {isa = PBXFileReference; lastKnownFileType = sourcecode.c.h; path = ViewController.h; sourceTree = "<group>"; };
		5FEF34291489054700BDA379 /* ViewController.m */ = {isa = PBXFileReference; lastKnownFileType = sourcecode.c.objc; path = ViewController.m; sourceTree = "<group>"; };
		5FEF345A1489062700BDA379 /* ViewController_iPhone.xib */ = {isa = PBXFileReference; fileEncoding = 4; lastKnownFileType = file.xib; path = ViewController_iPhone.xib; sourceTree = "<group>"; };
		5FEF34621489099A00BDA379 /* README.mdown */ = {isa = PBXFileReference; fileEncoding = 4; lastKnownFileType = text; path = README.mdown; sourceTree = "<group>"; };
		BCD6314115A5EEA600EA2805 /* Default-Landscape.png */ = {isa = PBXFileReference; lastKnownFileType = image.png; path = "Default-Landscape.png"; sourceTree = "<group>"; };
		BCD6314215A5EEA600EA2805 /* Default-Portrait.png */ = {isa = PBXFileReference; lastKnownFileType = image.png; path = "Default-Portrait.png"; sourceTree = "<group>"; };
		BCD6314315A5EEA600EA2805 /* Default.png */ = {isa = PBXFileReference; lastKnownFileType = image.png; path = Default.png; sourceTree = "<group>"; };
		BCD6314415A5EEA600EA2805 /* Default@2x.png */ = {isa = PBXFileReference; lastKnownFileType = image.png; path = "Default@2x.png"; sourceTree = "<group>"; };
		BCD6314515A5EEA600EA2805 /* icon-72.png */ = {isa = PBXFileReference; lastKnownFileType = image.png; path = "icon-72.png"; sourceTree = "<group>"; };
		BCD6314615A5EEA600EA2805 /* icon-72@2x.png */ = {isa = PBXFileReference; lastKnownFileType = image.png; path = "icon-72@2x.png"; sourceTree = "<group>"; };
		BCD6314715A5EEA600EA2805 /* icon-Small-50.png */ = {isa = PBXFileReference; lastKnownFileType = image.png; path = "icon-Small-50.png"; sourceTree = "<group>"; };
		BCD6314815A5EEA600EA2805 /* icon-Small.png */ = {isa = PBXFileReference; lastKnownFileType = image.png; path = "icon-Small.png"; sourceTree = "<group>"; };
		BCD6314915A5EEA600EA2805 /* icon-Small@2x.png */ = {isa = PBXFileReference; lastKnownFileType = image.png; path = "icon-Small@2x.png"; sourceTree = "<group>"; };
		BCD6314A15A5EEA600EA2805 /* icon.png */ = {isa = PBXFileReference; lastKnownFileType = image.png; path = icon.png; sourceTree = "<group>"; };
		BCD6314B15A5EEA600EA2805 /* icon@2x.png */ = {isa = PBXFileReference; lastKnownFileType = image.png; path = "icon@2x.png"; sourceTree = "<group>"; };
		BCD6314C15A5EEA600EA2805 /* iTunesArtwork.png */ = {isa = PBXFileReference; lastKnownFileType = image.png; path = iTunesArtwork.png; sourceTree = "<group>"; };
		BCD6315915A5EF0900EA2805 /* NSString+Gender.h */ = {isa = PBXFileReference; fileEncoding = 4; lastKnownFileType = sourcecode.c.h; name = "NSString+Gender.h"; path = "Vkontakte/NSString+Gender.h"; sourceTree = "<group>"; };
		BCD6315A15A5EF0900EA2805 /* NSString+Gender.m */ = {isa = PBXFileReference; fileEncoding = 4; lastKnownFileType = sourcecode.c.objc; name = "NSString+Gender.m"; path = "Vkontakte/NSString+Gender.m"; sourceTree = "<group>"; };
		BCD6315B15A5EF0900EA2805 /* Vkontakte.h */ = {isa = PBXFileReference; fileEncoding = 4; lastKnownFileType = sourcecode.c.h; name = Vkontakte.h; path = Vkontakte/Vkontakte.h; sourceTree = "<group>"; };
		BCD6315C15A5EF0900EA2805 /* Vkontakte.m */ = {isa = PBXFileReference; fileEncoding = 4; lastKnownFileType = sourcecode.c.objc; name = Vkontakte.m; path = Vkontakte/Vkontakte.m; sourceTree = "<group>"; };
		BCD6315D15A5EF0900EA2805 /* VkontakteViewController_iPad.xib */ = {isa = PBXFileReference; fileEncoding = 4; lastKnownFileType = file.xib; name = VkontakteViewController_iPad.xib; path = Vkontakte/VkontakteViewController_iPad.xib; sourceTree = "<group>"; };
		BCD6315E15A5EF0900EA2805 /* VkontakteViewController_iPhone.xib */ = {isa = PBXFileReference; fileEncoding = 4; lastKnownFileType = file.xib; name = VkontakteViewController_iPhone.xib; path = Vkontakte/VkontakteViewController_iPhone.xib; sourceTree = "<group>"; };
		BCD6315F15A5EF0900EA2805 /* VkontakteViewController.h */ = {isa = PBXFileReference; fileEncoding = 4; lastKnownFileType = sourcecode.c.h; name = VkontakteViewController.h; path = Vkontakte/VkontakteViewController.h; sourceTree = "<group>"; };
		BCD6316015A5EF0900EA2805 /* VkontakteViewController.m */ = {isa = PBXFileReference; fileEncoding = 4; lastKnownFileType = sourcecode.c.objc; name = VkontakteViewController.m; path = Vkontakte/VkontakteViewController.m; sourceTree = "<group>"; };
		BCD6316C15A5F1B100EA2805 /* MBProgressHUD.h */ = {isa = PBXFileReference; fileEncoding = 4; lastKnownFileType = sourcecode.c.h; path = MBProgressHUD.h; sourceTree = "<group>"; };
		BCD6316D15A5F1B100EA2805 /* MBProgressHUD.m */ = {isa = PBXFileReference; fileEncoding = 4; lastKnownFileType = sourcecode.c.objc; path = MBProgressHUD.m; sourceTree = "<group>"; };
/* End PBXFileReference section */

/* Begin PBXFrameworksBuildPhase section */
		5FEF340F1489054700BDA379 /* Frameworks */ = {
			isa = PBXFrameworksBuildPhase;
			buildActionMask = 2147483647;
			files = (
				5FEF34171489054700BDA379 /* UIKit.framework in Frameworks */,
				5FEF34191489054700BDA379 /* Foundation.framework in Frameworks */,
				5FEF341B1489054700BDA379 /* CoreGraphics.framework in Frameworks */,
			);
			runOnlyForDeploymentPostprocessing = 0;
		};
/* End PBXFrameworksBuildPhase section */

/* Begin PBXGroup section */
		5FEF34071489054700BDA379 = {
			isa = PBXGroup;
			children = (
				5FEF341C1489054700BDA379 /* Vkontakte-iOS-SDK */,
				5FEF34151489054700BDA379 /* Frameworks */,
				5FEF34131489054700BDA379 /* Products */,
			);
			sourceTree = "<group>";
		};
		5FEF34131489054700BDA379 /* Products */ = {
			isa = PBXGroup;
			children = (
				5FEF34121489054700BDA379 /* Vkontakte-iOS-SDK.app */,
			);
			name = Products;
			sourceTree = "<group>";
		};
		5FEF34151489054700BDA379 /* Frameworks */ = {
			isa = PBXGroup;
			children = (
				5FEF34161489054700BDA379 /* UIKit.framework */,
				5FEF34181489054700BDA379 /* Foundation.framework */,
				5FEF341A1489054700BDA379 /* CoreGraphics.framework */,
			);
			name = Frameworks;
			sourceTree = "<group>";
		};
		5FEF341C1489054700BDA379 /* Vkontakte-iOS-SDK */ = {
			isa = PBXGroup;
			children = (
				5FEF34621489099A00BDA379 /* README.mdown */,
				BCD6316B15A5F1B100EA2805 /* MBProgressHud */,
				5FEF344B148905B300BDA379 /* Vkontakte */,
				5FEF34251489054700BDA379 /* AppDelegate.h */,
				5FEF34261489054700BDA379 /* AppDelegate.m */,
				5FEF34281489054700BDA379 /* ViewController.h */,
				5FEF34291489054700BDA379 /* ViewController.m */,
				5FEF345A1489062700BDA379 /* ViewController_iPhone.xib */,
				5F2E0665154F13AD00AC7804 /* ViewController_iPad.xib */,
				5FEF341D1489054700BDA379 /* Supporting Files */,
			);
			path = "Vkontakte-iOS-SDK";
			sourceTree = "<group>";
		};
		5FEF341D1489054700BDA379 /* Supporting Files */ = {
			isa = PBXGroup;
			children = (
				BCD6314115A5EEA600EA2805 /* Default-Landscape.png */,
				BCD6314215A5EEA600EA2805 /* Default-Portrait.png */,
				BCD6314315A5EEA600EA2805 /* Default.png */,
				BCD6314415A5EEA600EA2805 /* Default@2x.png */,
				BCD6314515A5EEA600EA2805 /* icon-72.png */,
				BCD6314615A5EEA600EA2805 /* icon-72@2x.png */,
				BCD6314715A5EEA600EA2805 /* icon-Small-50.png */,
				BCD6314815A5EEA600EA2805 /* icon-Small.png */,
				BCD6314915A5EEA600EA2805 /* icon-Small@2x.png */,
				BCD6314A15A5EEA600EA2805 /* icon.png */,
				BCD6314B15A5EEA600EA2805 /* icon@2x.png */,
				BCD6314C15A5EEA600EA2805 /* iTunesArtwork.png */,
				5FEF341E1489054700BDA379 /* Vkontakte-iOS-SDK-Info.plist */,
				5FEF341F1489054700BDA379 /* InfoPlist.strings */,
				5FEF34221489054700BDA379 /* main.m */,
				5FEF34241489054700BDA379 /* Vkontakte-iOS-SDK-Prefix.pch */,
			);
			name = "Supporting Files";
			sourceTree = "<group>";
		};
		5FEF344B148905B300BDA379 /* Vkontakte */ = {
			isa = PBXGroup;
			children = (
				BCD6315915A5EF0900EA2805 /* NSString+Gender.h */,
				BCD6315A15A5EF0900EA2805 /* NSString+Gender.m */,
				BCD6315B15A5EF0900EA2805 /* Vkontakte.h */,
				BCD6315C15A5EF0900EA2805 /* Vkontakte.m */,
				BCD6315D15A5EF0900EA2805 /* VkontakteViewController_iPad.xib */,
				BCD6315E15A5EF0900EA2805 /* VkontakteViewController_iPhone.xib */,
				BCD6315F15A5EF0900EA2805 /* VkontakteViewController.h */,
				BCD6316015A5EF0900EA2805 /* VkontakteViewController.m */,
			);
			name = Vkontakte;
			sourceTree = "<group>";
		};
		BCD6316B15A5F1B100EA2805 /* MBProgressHud */ = {
			isa = PBXGroup;
			children = (
				BCD6316C15A5F1B100EA2805 /* MBProgressHUD.h */,
				BCD6316D15A5F1B100EA2805 /* MBProgressHUD.m */,
			);
			path = MBProgressHud;
			sourceTree = "<group>";
		};
/* End PBXGroup section */

/* Begin PBXNativeTarget section */
		5FEF34111489054700BDA379 /* Vkontakte-iOS-SDK */ = {
			isa = PBXNativeTarget;
			buildConfigurationList = 5FEF34301489054800BDA379 /* Build configuration list for PBXNativeTarget "Vkontakte-iOS-SDK" */;
			buildPhases = (
				5FEF340E1489054700BDA379 /* Sources */,
				5FEF340F1489054700BDA379 /* Frameworks */,
				5FEF34101489054700BDA379 /* Resources */,
			);
			buildRules = (
			);
			dependencies = (
			);
			name = "Vkontakte-iOS-SDK";
			productName = "Vkontakte-iOS-SDK";
			productReference = 5FEF34121489054700BDA379 /* Vkontakte-iOS-SDK.app */;
			productType = "com.apple.product-type.application";
		};
/* End PBXNativeTarget section */

/* Begin PBXProject section */
		5FEF34091489054700BDA379 /* Project object */ = {
			isa = PBXProject;
			attributes = {
				LastUpgradeCheck = 0420;
			};
			buildConfigurationList = 5FEF340C1489054700BDA379 /* Build configuration list for PBXProject "Vkontakte-iOS-SDK" */;
			compatibilityVersion = "Xcode 3.2";
			developmentRegion = English;
			hasScannedForEncodings = 0;
			knownRegions = (
				en,
			);
			mainGroup = 5FEF34071489054700BDA379;
			productRefGroup = 5FEF34131489054700BDA379 /* Products */;
			projectDirPath = "";
			projectRoot = "";
			targets = (
				5FEF34111489054700BDA379 /* Vkontakte-iOS-SDK */,
			);
		};
/* End PBXProject section */

/* Begin PBXResourcesBuildPhase section */
		5FEF34101489054700BDA379 /* Resources */ = {
			isa = PBXResourcesBuildPhase;
			buildActionMask = 2147483647;
			files = (
				5FEF34211489054700BDA379 /* InfoPlist.strings in Resources */,
				5FEF345B1489062700BDA379 /* ViewController_iPhone.xib in Resources */,
				5FEF34631489099A00BDA379 /* README.mdown in Resources */,
				5F2E0666154F13AD00AC7804 /* ViewController_iPad.xib in Resources */,
				BCD6314D15A5EEA600EA2805 /* Default-Landscape.png in Resources */,
				BCD6314E15A5EEA600EA2805 /* Default-Portrait.png in Resources */,
				BCD6314F15A5EEA600EA2805 /* Default.png in Resources */,
				BCD6315015A5EEA600EA2805 /* Default@2x.png in Resources */,
				BCD6315115A5EEA600EA2805 /* icon-72.png in Resources */,
				BCD6315215A5EEA600EA2805 /* icon-72@2x.png in Resources */,
				BCD6315315A5EEA600EA2805 /* icon-Small-50.png in Resources */,
				BCD6315415A5EEA600EA2805 /* icon-Small.png in Resources */,
				BCD6315515A5EEA600EA2805 /* icon-Small@2x.png in Resources */,
				BCD6315615A5EEA600EA2805 /* icon.png in Resources */,
				BCD6315715A5EEA600EA2805 /* icon@2x.png in Resources */,
				BCD6315815A5EEA600EA2805 /* iTunesArtwork.png in Resources */,
				BCD6316315A5EF0900EA2805 /* VkontakteViewController_iPad.xib in Resources */,
				BCD6316415A5EF0900EA2805 /* VkontakteViewController_iPhone.xib in Resources */,
			);
			runOnlyForDeploymentPostprocessing = 0;
		};
/* End PBXResourcesBuildPhase section */

/* Begin PBXSourcesBuildPhase section */
		5FEF340E1489054700BDA379 /* Sources */ = {
			isa = PBXSourcesBuildPhase;
			buildActionMask = 2147483647;
			files = (
				5FEF34231489054700BDA379 /* main.m in Sources */,
				5FEF34271489054700BDA379 /* AppDelegate.m in Sources */,
				5FEF342A1489054700BDA379 /* ViewController.m in Sources */,
				BCD6316115A5EF0900EA2805 /* NSString+Gender.m in Sources */,
				BCD6316215A5EF0900EA2805 /* Vkontakte.m in Sources */,
				BCD6316515A5EF0900EA2805 /* VkontakteViewController.m in Sources */,
				BCD6316E15A5F1B100EA2805 /* MBProgressHUD.m in Sources */,
			);
			runOnlyForDeploymentPostprocessing = 0;
		};
/* End PBXSourcesBuildPhase section */

/* Begin PBXVariantGroup section */
		5FEF341F1489054700BDA379 /* InfoPlist.strings */ = {
			isa = PBXVariantGroup;
			children = (
				5FEF34201489054700BDA379 /* en */,
			);
			name = InfoPlist.strings;
			sourceTree = "<group>";
		};
/* End PBXVariantGroup section */

/* Begin XCBuildConfiguration section */
		5FEF342E1489054800BDA379 /* Debug */ = {
			isa = XCBuildConfiguration;
			buildSettings = {
				ALWAYS_SEARCH_USER_PATHS = NO;
				ARCHS = "$(ARCHS_STANDARD_32_BIT)";
				CLANG_ENABLE_OBJC_ARC = YES;
				CLANG_WARN_OBJCPP_ARC_ABI = NO;
				"CODE_SIGN_IDENTITY[sdk=iphoneos*]" = "iPhone Developer";
				COPY_PHASE_STRIP = NO;
				GCC_C_LANGUAGE_STANDARD = gnu99;
				GCC_DYNAMIC_NO_PIC = NO;
				GCC_OPTIMIZATION_LEVEL = 0;
				GCC_PREPROCESSOR_DEFINITIONS = (
					"DEBUG=1",
					"$(inherited)",
				);
				GCC_SYMBOLS_PRIVATE_EXTERN = NO;
				GCC_VERSION = com.apple.compilers.llvm.clang.1_0;
				GCC_WARN_ABOUT_MISSING_PROTOTYPES = YES;
				GCC_WARN_ABOUT_RETURN_TYPE = YES;
				GCC_WARN_UNUSED_VARIABLE = YES;
				IPHONEOS_DEPLOYMENT_TARGET = 5.0;
				RUN_CLANG_STATIC_ANALYZER = YES;
				SDKROOT = iphoneos;
			};
			name = Debug;
		};
		5FEF342F1489054800BDA379 /* Release */ = {
			isa = XCBuildConfiguration;
			buildSettings = {
				ALWAYS_SEARCH_USER_PATHS = NO;
				ARCHS = "$(ARCHS_STANDARD_32_BIT)";
				CLANG_ENABLE_OBJC_ARC = YES;
				CLANG_WARN_OBJCPP_ARC_ABI = NO;
				"CODE_SIGN_IDENTITY[sdk=iphoneos*]" = "iPhone Developer";
				COPY_PHASE_STRIP = YES;
				GCC_C_LANGUAGE_STANDARD = gnu99;
				GCC_VERSION = com.apple.compilers.llvm.clang.1_0;
				GCC_WARN_ABOUT_MISSING_PROTOTYPES = YES;
				GCC_WARN_ABOUT_RETURN_TYPE = YES;
				GCC_WARN_UNUSED_VARIABLE = YES;
				IPHONEOS_DEPLOYMENT_TARGET = 5.0;
				OTHER_CFLAGS = "-DNS_BLOCK_ASSERTIONS=1";
				RUN_CLANG_STATIC_ANALYZER = YES;
				SDKROOT = iphoneos;
				VALIDATE_PRODUCT = YES;
			};
			name = Release;
		};
		5FEF34311489054800BDA379 /* Debug */ = {
			isa = XCBuildConfiguration;
			buildSettings = {
				GCC_PRECOMPILE_PREFIX_HEADER = YES;
				GCC_PREFIX_HEADER = "Vkontakte-iOS-SDK/Vkontakte-iOS-SDK-Prefix.pch";
				INFOPLIST_FILE = "Vkontakte-iOS-SDK/Vkontakte-iOS-SDK-Info.plist";
				IPHONEOS_DEPLOYMENT_TARGET = 5.0;
				PRODUCT_NAME = "$(TARGET_NAME)";
				TARGETED_DEVICE_FAMILY = "1,2";
				WRAPPER_EXTENSION = app;
			};
			name = Debug;
		};
		5FEF34321489054800BDA379 /* Release */ = {
			isa = XCBuildConfiguration;
			buildSettings = {
				GCC_PRECOMPILE_PREFIX_HEADER = YES;
				GCC_PREFIX_HEADER = "Vkontakte-iOS-SDK/Vkontakte-iOS-SDK-Prefix.pch";
				INFOPLIST_FILE = "Vkontakte-iOS-SDK/Vkontakte-iOS-SDK-Info.plist";
				IPHONEOS_DEPLOYMENT_TARGET = 5.0;
				PRODUCT_NAME = "$(TARGET_NAME)";
				TARGETED_DEVICE_FAMILY = "1,2";
				WRAPPER_EXTENSION = app;
			};
			name = Release;
		};
/* End XCBuildConfiguration section */

/* Begin XCConfigurationList section */
		5FEF340C1489054700BDA379 /* Build configuration list for PBXProject "Vkontakte-iOS-SDK" */ = {
			isa = XCConfigurationList;
			buildConfigurations = (
				5FEF342E1489054800BDA379 /* Debug */,
				5FEF342F1489054800BDA379 /* Release */,
			);
			defaultConfigurationIsVisible = 0;
			defaultConfigurationName = Release;
		};
		5FEF34301489054800BDA379 /* Build configuration list for PBXNativeTarget "Vkontakte-iOS-SDK" */ = {
			isa = XCConfigurationList;
			buildConfigurations = (
				5FEF34311489054800BDA379 /* Debug */,
				5FEF34321489054800BDA379 /* Release */,
			);
			defaultConfigurationIsVisible = 0;
			defaultConfigurationName = Release;
		};
/* End XCConfigurationList section */
	};
	rootObject = 5FEF34091489054700BDA379 /* Project object */;
}
