// !$*UTF8*$!
{
	archiveVersion = 1;
	classes = {
	};
	objectVersion = 46;
	objects = {

/* Begin PBXBuildFile section */
		5FEF34171489054700BDA379 /* UIKit.framework in Frameworks */ = {isa = PBXBuildFile; fileRef = 5FEF34161489054700BDA379 /* UIKit.framework */; };
		5FEF34191489054700BDA379 /* Foundation.framework in Frameworks */ = {isa = PBXBuildFile; fileRef = 5FEF34181489054700BDA379 /* Foundation.framework */; };
		5FEF341B1489054700BDA379 /* CoreGraphics.framework in Frameworks */ = {isa = PBXBuildFile; fileRef = 5FEF341A1489054700BDA379 /* CoreGraphics.framework */; };
		5FEF34211489054700BDA379 /* InfoPlist.strings in Resources */ = {isa = PBXBuildFile; fileRef = 5FEF341F1489054700BDA379 /* InfoPlist.strings */; };
		BC00B85915A5F3550071C2BB /* Default-Landscape.png in Resources */ = {isa = PBXBuildFile; fileRef = BC00B84D15A5F3550071C2BB /* Default-Landscape.png */; };
		BC00B85A15A5F3550071C2BB /* Default-Portrait.png in Resources */ = {isa = PBXBuildFile; fileRef = BC00B84E15A5F3550071C2BB /* Default-Portrait.png */; };
		BC00B85B15A5F3550071C2BB /* Default.png in Resources */ = {isa = PBXBuildFile; fileRef = BC00B84F15A5F3550071C2BB /* Default.png */; };
		BC00B85C15A5F3550071C2BB /* Default@2x.png in Resources */ = {isa = PBXBuildFile; fileRef = BC00B85015A5F3550071C2BB /* Default@2x.png */; };
		BC00B85D15A5F3550071C2BB /* icon-72.png in Resources */ = {isa = PBXBuildFile; fileRef = BC00B85115A5F3550071C2BB /* icon-72.png */; };
		BC00B85E15A5F3550071C2BB /* icon-72@2x.png in Resources */ = {isa = PBXBuildFile; fileRef = BC00B85215A5F3550071C2BB /* icon-72@2x.png */; };
		BC00B85F15A5F3550071C2BB /* icon-Small-50.png in Resources */ = {isa = PBXBuildFile; fileRef = BC00B85315A5F3550071C2BB /* icon-Small-50.png */; };
		BC00B86015A5F3550071C2BB /* icon-Small.png in Resources */ = {isa = PBXBuildFile; fileRef = BC00B85415A5F3550071C2BB /* icon-Small.png */; };
		BC00B86115A5F3550071C2BB /* icon-Small@2x.png in Resources */ = {isa = PBXBuildFile; fileRef = BC00B85515A5F3550071C2BB /* icon-Small@2x.png */; };
		BC00B86215A5F3550071C2BB /* icon.png in Resources */ = {isa = PBXBuildFile; fileRef = BC00B85615A5F3550071C2BB /* icon.png */; };
		BC00B86315A5F3550071C2BB /* icon@2x.png in Resources */ = {isa = PBXBuildFile; fileRef = BC00B85715A5F3550071C2BB /* icon@2x.png */; };
		BC00B86415A5F3550071C2BB /* iTunesArtwork.png in Resources */ = {isa = PBXBuildFile; fileRef = BC00B85815A5F3550071C2BB /* iTunesArtwork.png */; };
		BC00B87D15A5F4DC0071C2BB /* main.m in Sources */ = {isa = PBXBuildFile; fileRef = BC00B87B15A5F4DC0071C2BB /* main.m */; };
		BC00B89315A5F5500071C2BB /* AppDelegate.m in Sources */ = {isa = PBXBuildFile; fileRef = BC00B88E15A5F5500071C2BB /* AppDelegate.m */; };
		BC00B89415A5F5500071C2BB /* ViewController.m in Sources */ = {isa = PBXBuildFile; fileRef = BC00B89015A5F5500071C2BB /* ViewController.m */; };
		BC00B89515A5F5500071C2BB /* ViewController_iPad.xib in Resources */ = {isa = PBXBuildFile; fileRef = BC00B89115A5F5500071C2BB /* ViewController_iPad.xib */; };
		BC00B89615A5F5500071C2BB /* ViewController_iPhone.xib in Resources */ = {isa = PBXBuildFile; fileRef = BC00B89215A5F5500071C2BB /* ViewController_iPhone.xib */; };
		BCD308C115A6DFB60089F563 /* NSString+Gender.m in Sources */ = {isa = PBXBuildFile; fileRef = BCD308BA15A6DFB60089F563 /* NSString+Gender.m */; };
		BCD308C215A6DFB60089F563 /* Vkontakte.m in Sources */ = {isa = PBXBuildFile; fileRef = BCD308BC15A6DFB60089F563 /* Vkontakte.m */; };
		BCD308C315A6DFB60089F563 /* VkontakteViewController.m in Sources */ = {isa = PBXBuildFile; fileRef = BCD308BE15A6DFB60089F563 /* VkontakteViewController.m */; };
		BCD308C415A6DFB60089F563 /* VkontakteViewController_iPad.xib in Resources */ = {isa = PBXBuildFile; fileRef = BCD308BF15A6DFB60089F563 /* VkontakteViewController_iPad.xib */; };
		BCD308C515A6DFB60089F563 /* VkontakteViewController_iPhone.xib in Resources */ = {isa = PBXBuildFile; fileRef = BCD308C015A6DFB60089F563 /* VkontakteViewController_iPhone.xib */; };
		BCD308ED15A6E1900089F563 /* README.mdown in Resources */ = {isa = PBXBuildFile; fileRef = BCD308EC15A6E1900089F563 /* README.mdown */; };
		BCD6316E15A5F1B100EA2805 /* MBProgressHUD.m in Sources */ = {isa = PBXBuildFile; fileRef = BCD6316D15A5F1B100EA2805 /* MBProgressHUD.m */; };
/* End PBXBuildFile section */

/* Begin PBXFileReference section */
		5FEF34121489054700BDA379 /* Vkontakte-iOS-SDK_Demo.app */ = {isa = PBXFileReference; explicitFileType = wrapper.application; includeInIndex = 0; path = "Vkontakte-iOS-SDK_Demo.app"; sourceTree = BUILT_PRODUCTS_DIR; };
		5FEF34161489054700BDA379 /* UIKit.framework */ = {isa = PBXFileReference; lastKnownFileType = wrapper.framework; name = UIKit.framework; path = System/Library/Frameworks/UIKit.framework; sourceTree = SDKROOT; };
		5FEF34181489054700BDA379 /* Foundation.framework */ = {isa = PBXFileReference; lastKnownFileType = wrapper.framework; name = Foundation.framework; path = System/Library/Frameworks/Foundation.framework; sourceTree = SDKROOT; };
		5FEF341A1489054700BDA379 /* CoreGraphics.framework */ = {isa = PBXFileReference; lastKnownFileType = wrapper.framework; name = CoreGraphics.framework; path = System/Library/Frameworks/CoreGraphics.framework; sourceTree = SDKROOT; };
		5FEF34201489054700BDA379 /* en */ = {isa = PBXFileReference; lastKnownFileType = text.plist.strings; name = en; path = en.lproj/InfoPlist.strings; sourceTree = "<group>"; };
		BC00B84D15A5F3550071C2BB /* Default-Landscape.png */ = {isa = PBXFileReference; lastKnownFileType = image.png; path = "Default-Landscape.png"; sourceTree = "<group>"; };
		BC00B84E15A5F3550071C2BB /* Default-Portrait.png */ = {isa = PBXFileReference; lastKnownFileType = image.png; path = "Default-Portrait.png"; sourceTree = "<group>"; };
		BC00B84F15A5F3550071C2BB /* Default.png */ = {isa = PBXFileReference; lastKnownFileType = image.png; path = Default.png; sourceTree = "<group>"; };
		BC00B85015A5F3550071C2BB /* Default@2x.png */ = {isa = PBXFileReference; lastKnownFileType = image.png; path = "Default@2x.png"; sourceTree = "<group>"; };
		BC00B85115A5F3550071C2BB /* icon-72.png */ = {isa = PBXFileReference; lastKnownFileType = image.png; path = "icon-72.png"; sourceTree = "<group>"; };
		BC00B85215A5F3550071C2BB /* icon-72@2x.png */ = {isa = PBXFileReference; lastKnownFileType = image.png; path = "icon-72@2x.png"; sourceTree = "<group>"; };
		BC00B85315A5F3550071C2BB /* icon-Small-50.png */ = {isa = PBXFileReference; lastKnownFileType = image.png; path = "icon-Small-50.png"; sourceTree = "<group>"; };
		BC00B85415A5F3550071C2BB /* icon-Small.png */ = {isa = PBXFileReference; lastKnownFileType = image.png; path = "icon-Small.png"; sourceTree = "<group>"; };
		BC00B85515A5F3550071C2BB /* icon-Small@2x.png */ = {isa = PBXFileReference; lastKnownFileType = image.png; path = "icon-Small@2x.png"; sourceTree = "<group>"; };
		BC00B85615A5F3550071C2BB /* icon.png */ = {isa = PBXFileReference; lastKnownFileType = image.png; path = icon.png; sourceTree = "<group>"; };
		BC00B85715A5F3550071C2BB /* icon@2x.png */ = {isa = PBXFileReference; lastKnownFileType = image.png; path = "icon@2x.png"; sourceTree = "<group>"; };
		BC00B85815A5F3550071C2BB /* iTunesArtwork.png */ = {isa = PBXFileReference; lastKnownFileType = image.png; path = iTunesArtwork.png; sourceTree = "<group>"; };
		BC00B87415A5F46F0071C2BB /* Vkontakte-iOS-SDK_Demo-Info.plist */ = {isa = PBXFileReference; fileEncoding = 4; lastKnownFileType = text.plist.xml; path = "Vkontakte-iOS-SDK_Demo-Info.plist"; sourceTree = "<group>"; };
		BC00B87B15A5F4DC0071C2BB /* main.m */ = {isa = PBXFileReference; fileEncoding = 4; lastKnownFileType = sourcecode.c.objc; path = main.m; sourceTree = "<group>"; };
		BC00B87C15A5F4DC0071C2BB /* Vkontakte-iOS-SDK_Demo-Prefix.pch */ = {isa = PBXFileReference; fileEncoding = 4; lastKnownFileType = sourcecode.c.h; path = "Vkontakte-iOS-SDK_Demo-Prefix.pch"; sourceTree = "<group>"; };
		BC00B88D15A5F5500071C2BB /* AppDelegate.h */ = {isa = PBXFileReference; fileEncoding = 4; lastKnownFileType = sourcecode.c.h; path = AppDelegate.h; sourceTree = "<group>"; };
		BC00B88E15A5F5500071C2BB /* AppDelegate.m */ = {isa = PBXFileReference; fileEncoding = 4; lastKnownFileType = sourcecode.c.objc; path = AppDelegate.m; sourceTree = "<group>"; };
		BC00B88F15A5F5500071C2BB /* ViewController.h */ = {isa = PBXFileReference; fileEncoding = 4; lastKnownFileType = sourcecode.c.h; path = ViewController.h; sourceTree = "<group>"; };
		BC00B89015A5F5500071C2BB /* ViewController.m */ = {isa = PBXFileReference; fileEncoding = 4; lastKnownFileType = sourcecode.c.objc; path = ViewController.m; sourceTree = "<group>"; };
		BC00B89115A5F5500071C2BB /* ViewController_iPad.xib */ = {isa = PBXFileReference; fileEncoding = 4; lastKnownFileType = file.xib; path = ViewController_iPad.xib; sourceTree = "<group>"; };
		BC00B89215A5F5500071C2BB /* ViewController_iPhone.xib */ = {isa = PBXFileReference; fileEncoding = 4; lastKnownFileType = file.xib; path = ViewController_iPhone.xib; sourceTree = "<group>"; };
		BCD308B915A6DFB60089F563 /* NSString+Gender.h */ = {isa = PBXFileReference; fileEncoding = 4; lastKnownFileType = sourcecode.c.h; path = "NSString+Gender.h"; sourceTree = "<group>"; };
		BCD308BA15A6DFB60089F563 /* NSString+Gender.m */ = {isa = PBXFileReference; fileEncoding = 4; lastKnownFileType = sourcecode.c.objc; path = "NSString+Gender.m"; sourceTree = "<group>"; };
		BCD308BB15A6DFB60089F563 /* Vkontakte.h */ = {isa = PBXFileReference; fileEncoding = 4; lastKnownFileType = sourcecode.c.h; path = Vkontakte.h; sourceTree = "<group>"; };
		BCD308BC15A6DFB60089F563 /* Vkontakte.m */ = {isa = PBXFileReference; fileEncoding = 4; lastKnownFileType = sourcecode.c.objc; path = Vkontakte.m; sourceTree = "<group>"; };
		BCD308BD15A6DFB60089F563 /* VkontakteViewController.h */ = {isa = PBXFileReference; fileEncoding = 4; lastKnownFileType = sourcecode.c.h; path = VkontakteViewController.h; sourceTree = "<group>"; };
		BCD308BE15A6DFB60089F563 /* VkontakteViewController.m */ = {isa = PBXFileReference; fileEncoding = 4; lastKnownFileType = sourcecode.c.objc; path = VkontakteViewController.m; sourceTree = "<group>"; };
		BCD308BF15A6DFB60089F563 /* VkontakteViewController_iPad.xib */ = {isa = PBXFileReference; fileEncoding = 4; lastKnownFileType = file.xib; path = VkontakteViewController_iPad.xib; sourceTree = "<group>"; };
		BCD308C015A6DFB60089F563 /* VkontakteViewController_iPhone.xib */ = {isa = PBXFileReference; fileEncoding = 4; lastKnownFileType = file.xib; path = VkontakteViewController_iPhone.xib; sourceTree = "<group>"; };
		BCD308EC15A6E1900089F563 /* README.mdown */ = {isa = PBXFileReference; fileEncoding = 4; lastKnownFileType = text; path = README.mdown; sourceTree = "<group>"; };
		BCD6316C15A5F1B100EA2805 /* MBProgressHUD.h */ = {isa = PBXFileReference; fileEncoding = 4; lastKnownFileType = sourcecode.c.h; path = MBProgressHUD.h; sourceTree = "<group>"; };
		BCD6316D15A5F1B100EA2805 /* MBProgressHUD.m */ = {isa = PBXFileReference; fileEncoding = 4; lastKnownFileType = sourcecode.c.objc; path = MBProgressHUD.m; sourceTree = "<group>"; };
/* End PBXFileReference section */

/* Begin PBXFrameworksBuildPhase section */
		5FEF340F1489054700BDA379 /* Frameworks */ = {
			isa = PBXFrameworksBuildPhase;
			buildActionMask = 2147483647;
			files = (
				5FEF34171489054700BDA379 /* UIKit.framework in Frameworks */,
				5FEF34191489054700BDA379 /* Foundation.framework in Frameworks */,
				5FEF341B1489054700BDA379 /* CoreGraphics.framework in Frameworks */,
			);
			runOnlyForDeploymentPostprocessing = 0;
		};
/* End PBXFrameworksBuildPhase section */

/* Begin PBXGroup section */
		5FEF34071489054700BDA379 = {
			isa = PBXGroup;
			children = (
				BCD308EC15A6E1900089F563 /* README.mdown */,
				5FEF341C1489054700BDA379 /* Vkontakte-iOS-SDK_Demo */,
				5FEF34151489054700BDA379 /* Frameworks */,
				5FEF34131489054700BDA379 /* Products */,
			);
			sourceTree = "<group>";
		};
		5FEF34131489054700BDA379 /* Products */ = {
			isa = PBXGroup;
			children = (
				5FEF34121489054700BDA379 /* Vkontakte-iOS-SDK_Demo.app */,
			);
			name = Products;
			sourceTree = "<group>";
		};
		5FEF34151489054700BDA379 /* Frameworks */ = {
			isa = PBXGroup;
			children = (
				5FEF34161489054700BDA379 /* UIKit.framework */,
				5FEF34181489054700BDA379 /* Foundation.framework */,
				5FEF341A1489054700BDA379 /* CoreGraphics.framework */,
			);
			name = Frameworks;
			sourceTree = "<group>";
		};
		5FEF341C1489054700BDA379 /* Vkontakte-iOS-SDK_Demo */ = {
			isa = PBXGroup;
			children = (
				BCD308B815A6DFB60089F563 /* Vkontakte */,
				BC00B88C15A5F5500071C2BB /* src */,
				BCD6316B15A5F1B100EA2805 /* MBProgressHud */,
				5FEF341D1489054700BDA379 /* Supporting Files */,
			);
			path = "Vkontakte-iOS-SDK_Demo";
			sourceTree = "<group>";
		};
		5FEF341D1489054700BDA379 /* Supporting Files */ = {
			isa = PBXGroup;
			children = (
				BC00B87B15A5F4DC0071C2BB /* main.m */,
				BC00B87C15A5F4DC0071C2BB /* Vkontakte-iOS-SDK_Demo-Prefix.pch */,
				BC00B87415A5F46F0071C2BB /* Vkontakte-iOS-SDK_Demo-Info.plist */,
				BC00B84C15A5F3550071C2BB /* images */,
				5FEF341F1489054700BDA379 /* InfoPlist.strings */,
			);
			name = "Supporting Files";
			sourceTree = "<group>";
		};
		BC00B84C15A5F3550071C2BB /* images */ = {
			isa = PBXGroup;
			children = (
				BC00B84D15A5F3550071C2BB /* Default-Landscape.png */,
				BC00B84E15A5F3550071C2BB /* Default-Portrait.png */,
				BC00B84F15A5F3550071C2BB /* Default.png */,
				BC00B85015A5F3550071C2BB /* Default@2x.png */,
				BC00B85115A5F3550071C2BB /* icon-72.png */,
				BC00B85215A5F3550071C2BB /* icon-72@2x.png */,
				BC00B85315A5F3550071C2BB /* icon-Small-50.png */,
				BC00B85415A5F3550071C2BB /* icon-Small.png */,
				BC00B85515A5F3550071C2BB /* icon-Small@2x.png */,
				BC00B85615A5F3550071C2BB /* icon.png */,
				BC00B85715A5F3550071C2BB /* icon@2x.png */,
				BC00B85815A5F3550071C2BB /* iTunesArtwork.png */,
			);
			path = images;
			sourceTree = "<group>";
		};
		BC00B88C15A5F5500071C2BB /* src */ = {
			isa = PBXGroup;
			children = (
				BC00B88D15A5F5500071C2BB /* AppDelegate.h */,
				BC00B88E15A5F5500071C2BB /* AppDelegate.m */,
				BC00B88F15A5F5500071C2BB /* ViewController.h */,
				BC00B89015A5F5500071C2BB /* ViewController.m */,
				BC00B89115A5F5500071C2BB /* ViewController_iPad.xib */,
				BC00B89215A5F5500071C2BB /* ViewController_iPhone.xib */,
			);
			path = src;
			sourceTree = "<group>";
		};
		BCD308B815A6DFB60089F563 /* Vkontakte */ = {
			isa = PBXGroup;
			children = (
				BCD308B915A6DFB60089F563 /* NSString+Gender.h */,
				BCD308BA15A6DFB60089F563 /* NSString+Gender.m */,
				BCD308BB15A6DFB60089F563 /* Vkontakte.h */,
				BCD308BC15A6DFB60089F563 /* Vkontakte.m */,
				BCD308BD15A6DFB60089F563 /* VkontakteViewController.h */,
				BCD308BE15A6DFB60089F563 /* VkontakteViewController.m */,
				BCD308BF15A6DFB60089F563 /* VkontakteViewController_iPad.xib */,
				BCD308C015A6DFB60089F563 /* VkontakteViewController_iPhone.xib */,
			);
			path = Vkontakte;
			sourceTree = SOURCE_ROOT;
		};
		BCD6316B15A5F1B100EA2805 /* MBProgressHud */ = {
			isa = PBXGroup;
			children = (
				BCD6316C15A5F1B100EA2805 /* MBProgressHUD.h */,
				BCD6316D15A5F1B100EA2805 /* MBProgressHUD.m */,
			);
			path = MBProgressHud;
			sourceTree = "<group>";
		};
/* End PBXGroup section */

/* Begin PBXNativeTarget section */
		5FEF34111489054700BDA379 /* Vkontakte-iOS-SDK_Demo */ = {
			isa = PBXNativeTarget;
			buildConfigurationList = 5FEF34301489054800BDA379 /* Build configuration list for PBXNativeTarget "Vkontakte-iOS-SDK_Demo" */;
			buildPhases = (
				5FEF340E1489054700BDA379 /* Sources */,
				5FEF340F1489054700BDA379 /* Frameworks */,
				5FEF34101489054700BDA379 /* Resources */,
			);
			buildRules = (
			);
			dependencies = (
			);
			name = "Vkontakte-iOS-SDK_Demo";
			productName = "Vkontakte-iOS-SDK";
			productReference = 5FEF34121489054700BDA379 /* Vkontakte-iOS-SDK_Demo.app */;
			productType = "com.apple.product-type.application";
		};
/* End PBXNativeTarget section */

/* Begin PBXProject section */
		5FEF34091489054700BDA379 /* Project object */ = {
			isa = PBXProject;
			attributes = {
				LastUpgradeCheck = 0430;
			};
			buildConfigurationList = 5FEF340C1489054700BDA379 /* Build configuration list for PBXProject "Vkontakte-iOS-SDK_Demo" */;
			compatibilityVersion = "Xcode 3.2";
			developmentRegion = English;
			hasScannedForEncodings = 0;
			knownRegions = (
				en,
			);
			mainGroup = 5FEF34071489054700BDA379;
			productRefGroup = 5FEF34131489054700BDA379 /* Products */;
			projectDirPath = "";
			projectRoot = "";
			targets = (
				5FEF34111489054700BDA379 /* Vkontakte-iOS-SDK_Demo */,
			);
		};
/* End PBXProject section */

/* Begin PBXResourcesBuildPhase section */
		5FEF34101489054700BDA379 /* Resources */ = {
			isa = PBXResourcesBuildPhase;
			buildActionMask = 2147483647;
			files = (
				5FEF34211489054700BDA379 /* InfoPlist.strings in Resources */,
				BC00B85915A5F3550071C2BB /* Default-Landscape.png in Resources */,
				BC00B85A15A5F3550071C2BB /* Default-Portrait.png in Resources */,
				BC00B85B15A5F3550071C2BB /* Default.png in Resources */,
				BC00B85C15A5F3550071C2BB /* Default@2x.png in Resources */,
				BC00B85D15A5F3550071C2BB /* icon-72.png in Resources */,
				BC00B85E15A5F3550071C2BB /* icon-72@2x.png in Resources */,
				BC00B85F15A5F3550071C2BB /* icon-Small-50.png in Resources */,
				BC00B86015A5F3550071C2BB /* icon-Small.png in Resources */,
				BC00B86115A5F3550071C2BB /* icon-Small@2x.png in Resources */,
				BC00B86215A5F3550071C2BB /* icon.png in Resources */,
				BC00B86315A5F3550071C2BB /* icon@2x.png in Resources */,
				BC00B86415A5F3550071C2BB /* iTunesArtwork.png in Resources */,
				BC00B89515A5F5500071C2BB /* ViewController_iPad.xib in Resources */,
				BC00B89615A5F5500071C2BB /* ViewController_iPhone.xib in Resources */,
				BCD308C415A6DFB60089F563 /* VkontakteViewController_iPad.xib in Resources */,
				BCD308C515A6DFB60089F563 /* VkontakteViewController_iPhone.xib in Resources */,
				BCD308ED15A6E1900089F563 /* README.mdown in Resources */,
			);
			runOnlyForDeploymentPostprocessing = 0;
		};
/* End PBXResourcesBuildPhase section */

/* Begin PBXSourcesBuildPhase section */
		5FEF340E1489054700BDA379 /* Sources */ = {
			isa = PBXSourcesBuildPhase;
			buildActionMask = 2147483647;
			files = (
				BCD6316E15A5F1B100EA2805 /* MBProgressHUD.m in Sources */,
				BC00B87D15A5F4DC0071C2BB /* main.m in Sources */,
				BC00B89315A5F5500071C2BB /* AppDelegate.m in Sources */,
				BC00B89415A5F5500071C2BB /* ViewController.m in Sources */,
				BCD308C115A6DFB60089F563 /* NSString+Gender.m in Sources */,
				BCD308C215A6DFB60089F563 /* Vkontakte.m in Sources */,
				BCD308C315A6DFB60089F563 /* VkontakteViewController.m in Sources */,
			);
			runOnlyForDeploymentPostprocessing = 0;
		};
/* End PBXSourcesBuildPhase section */

/* Begin PBXVariantGroup section */
		5FEF341F1489054700BDA379 /* InfoPlist.strings */ = {
			isa = PBXVariantGroup;
			children = (
				5FEF34201489054700BDA379 /* en */,
			);
			name = InfoPlist.strings;
			sourceTree = "<group>";
		};
/* End PBXVariantGroup section */

/* Begin XCBuildConfiguration section */
		5FEF342E1489054800BDA379 /* Debug */ = {
			isa = XCBuildConfiguration;
			buildSettings = {
				ALWAYS_SEARCH_USER_PATHS = NO;
				ARCHS = "$(ARCHS_STANDARD_32_BIT)";
				CLANG_ENABLE_OBJC_ARC = YES;
				CLANG_WARN_OBJCPP_ARC_ABI = NO;
				"CODE_SIGN_IDENTITY[sdk=iphoneos*]" = "iPhone Developer";
				COPY_PHASE_STRIP = NO;
				GCC_C_LANGUAGE_STANDARD = gnu99;
				GCC_DYNAMIC_NO_PIC = NO;
				GCC_OPTIMIZATION_LEVEL = 0;
				GCC_PREPROCESSOR_DEFINITIONS = (
					"DEBUG=1",
					"$(inherited)",
				);
				GCC_SYMBOLS_PRIVATE_EXTERN = NO;
				GCC_VERSION = com.apple.compilers.llvm.clang.1_0;
				GCC_WARN_ABOUT_MISSING_PROTOTYPES = YES;
				GCC_WARN_ABOUT_RETURN_TYPE = YES;
				GCC_WARN_UNUSED_VARIABLE = YES;
				IPHONEOS_DEPLOYMENT_TARGET = 5.0;
				RUN_CLANG_STATIC_ANALYZER = YES;
				SDKROOT = iphoneos;
			};
			name = Debug;
		};
		5FEF342F1489054800BDA379 /* Release */ = {
			isa = XCBuildConfiguration;
			buildSettings = {
				ALWAYS_SEARCH_USER_PATHS = NO;
				ARCHS = "$(ARCHS_STANDARD_32_BIT)";
				CLANG_ENABLE_OBJC_ARC = YES;
				CLANG_WARN_OBJCPP_ARC_ABI = NO;
				"CODE_SIGN_IDENTITY[sdk=iphoneos*]" = "iPhone Developer";
				COPY_PHASE_STRIP = YES;
				GCC_C_LANGUAGE_STANDARD = gnu99;
				GCC_VERSION = com.apple.compilers.llvm.clang.1_0;
				GCC_WARN_ABOUT_MISSING_PROTOTYPES = YES;
				GCC_WARN_ABOUT_RETURN_TYPE = YES;
				GCC_WARN_UNUSED_VARIABLE = YES;
				IPHONEOS_DEPLOYMENT_TARGET = 5.0;
				OTHER_CFLAGS = "-DNS_BLOCK_ASSERTIONS=1";
				RUN_CLANG_STATIC_ANALYZER = YES;
				SDKROOT = iphoneos;
				VALIDATE_PRODUCT = YES;
			};
			name = Release;
		};
		5FEF34311489054800BDA379 /* Debug */ = {
			isa = XCBuildConfiguration;
			buildSettings = {
				GCC_PRECOMPILE_PREFIX_HEADER = YES;
				GCC_PREFIX_HEADER = "Vkontakte-iOS-SDK_Demo/Vkontakte-iOS-SDK_Demo-Prefix.pch";
				INFOPLIST_FILE = "Vkontakte-iOS-SDK_Demo/Vkontakte-iOS-SDK_Demo-Info.plist";
				IPHONEOS_DEPLOYMENT_TARGET = 5.0;
				PRODUCT_NAME = "Vkontakte-iOS-SDK_Demo";
				TARGETED_DEVICE_FAMILY = "1,2";
				WRAPPER_EXTENSION = app;
			};
			name = Debug;
		};
		5FEF34321489054800BDA379 /* Release */ = {
			isa = XCBuildConfiguration;
			buildSettings = {
				GCC_PRECOMPILE_PREFIX_HEADER = YES;
				GCC_PREFIX_HEADER = "Vkontakte-iOS-SDK_Demo/Vkontakte-iOS-SDK_Demo-Prefix.pch";
				INFOPLIST_FILE = "Vkontakte-iOS-SDK_Demo/Vkontakte-iOS-SDK_Demo-Info.plist";
				IPHONEOS_DEPLOYMENT_TARGET = 5.0;
				PRODUCT_NAME = "Vkontakte-iOS-SDK_Demo";
				TARGETED_DEVICE_FAMILY = "1,2";
				WRAPPER_EXTENSION = app;
			};
			name = Release;
		};
/* End XCBuildConfiguration section */

/* Begin XCConfigurationList section */
		5FEF340C1489054700BDA379 /* Build configuration list for PBXProject "Vkontakte-iOS-SDK_Demo" */ = {
			isa = XCConfigurationList;
			buildConfigurations = (
				5FEF342E1489054800BDA379 /* Debug */,
				5FEF342F1489054800BDA379 /* Release */,
			);
			defaultConfigurationIsVisible = 0;
			defaultConfigurationName = Release;
		};
		5FEF34301489054800BDA379 /* Build configuration list for PBXNativeTarget "Vkontakte-iOS-SDK_Demo" */ = {
			isa = XCConfigurationList;
			buildConfigurations = (
				5FEF34311489054800BDA379 /* Debug */,
				5FEF34321489054800BDA379 /* Release */,
			);
			defaultConfigurationIsVisible = 0;
			defaultConfigurationName = Release;
		};
/* End XCConfigurationList section */
	};
	rootObject = 5FEF34091489054700BDA379 /* Project object */;
}
